
Microsoft Visual Studio Solution File, Format Version 12.00
# Visual Studio Version 17
VisualStudioVersion = 17.11.35208.52
MinimumVisualStudioVersion = 10.0.40219.1
Project("{9A19103F-16F7-4668-BE54-9A1E7A4F7556}") = "server", "server\server.csproj", "{6A2D1D16-B812-40AB-AEA0-A93AC58CB89A}"
EndProject
Project("{2150E333-8FDC-42A3-9474-1A3956D46DE8}") = "解决方案项", "解决方案项", "{0436D454-F35A-48FD-B759-617F5A70674E}"
EndProject
Global
	GlobalSection(SolutionConfigurationPlatforms) = preSolution
		Debug|Any CPU = Debug|Any CPU
		Release|Any CPU = Release|Any CPU
	EndGlobalSection
	GlobalSection(ProjectConfigurationPlatforms) = postSolution
		{6A2D1D16-B812-40AB-AEA0-A93AC58CB89A}.Debug|Any CPU.ActiveCfg = Debug|Any CPU
		{6A2D1D16-B812-40AB-AEA0-A93AC58CB89A}.Debug|Any CPU.Build.0 = Debug|Any CPU
		{6A2D1D16-B812-40AB-AEA0-A93AC58CB89A}.Release|Any CPU.ActiveCfg = Release|Any CPU
		{6A2D1D16-B812-40AB-AEA0-A93AC58CB89A}.Release|Any CPU.Build.0 = Release|Any CPU
	EndGlobalSection
	GlobalSection(SolutionProperties) = preSolution
		HideSolutionNode = FALSE
	EndGlobalSection
	GlobalSection(ExtensibilityGlobals) = postSolution
		SolutionGuid = {DDC4FD0A-C011-43A6-9B32-6379E4BE45B8}
	EndGlobalSection
EndGlobal
